
Microsoft Visual Studio Solution File, Format Version 12.00
# Visual Studio Version 17
VisualStudioVersion = 17.9.34728.123
MinimumVisualStudioVersion = 10.0.40219.1
Project("{FAE04EC0-301F-11D3-BF4B-00C04F79EFBC}") = "DiceGame", "DiceGame\DiceGame.csproj", "{A583F91A-0C58-41C3-AEEE-696BBF42D49A}"
EndProject
Global
	GlobalSection(SolutionConfigurationPlatforms) = preSolution
		Debug|Any CPU = Debug|Any CPU
		Release|Any CPU = Release|Any CPU
	EndGlobalSection
	GlobalSection(ProjectConfigurationPlatforms) = postSolution
		{A583F91A-0C58-41C3-AEEE-696BBF42D49A}.Debug|Any CPU.ActiveCfg = Debug|Any CPU
		{A583F91A-0C58-41C3-AEEE-696BBF42D49A}.Debug|Any CPU.Build.0 = Debug|Any CPU
		{A583F91A-0C58-41C3-AEEE-696BBF42D49A}.Release|Any CPU.ActiveCfg = Release|Any CPU
		{A583F91A-0C58-41C3-AEEE-696BBF42D49A}.Release|Any CPU.Build.0 = Release|Any CPU
	EndGlobalSection
	GlobalSection(SolutionProperties) = preSolution
		HideSolutionNode = FALSE
	EndGlobalSection
	GlobalSection(ExtensibilityGlobals) = postSolution
		SolutionGuid = {9F8A49E5-12B6-4BC8-AE80-9F7FA80D2EA3}
	EndGlobalSection
EndGlobal
